// !$*UTF8*$!
{
	archiveVersion = 1;
	classes = {
	};
	objectVersion = 56;
	objects = {

/* Begin PBXBuildFile section */
		88CE07692A8B5F5400243F48 /* AppDelegate.swift in Sources */ = {isa = PBXBuildFile; fileRef = 88CE07682A8B5F5400243F48 /* AppDelegate.swift */; };
		88CE076B2A8B5F5400243F48 /* SceneDelegate.swift in Sources */ = {isa = PBXBuildFile; fileRef = 88CE076A2A8B5F5400243F48 /* SceneDelegate.swift */; };
		88CE07722A8B5F5500243F48 /* Assets.xcassets in Resources */ = {isa = PBXBuildFile; fileRef = 88CE07712A8B5F5500243F48 /* Assets.xcassets */; };
		88CE07752A8B5F5500243F48 /* LaunchScreen.storyboard in Resources */ = {isa = PBXBuildFile; fileRef = 88CE07732A8B5F5500243F48 /* LaunchScreen.storyboard */; };
		88CE078B2A8B618500243F48 /* Constants.swift in Sources */ = {isa = PBXBuildFile; fileRef = 88CE078A2A8B618500243F48 /* Constants.swift */; };
		88CE078F2A8B624800243F48 /* RootRouter.swift in Sources */ = {isa = PBXBuildFile; fileRef = 88CE078E2A8B624800243F48 /* RootRouter.swift */; };
		88CE07962A8B631300243F48 /* UIColor+Extensions.swift in Sources */ = {isa = PBXBuildFile; fileRef = 88CE07952A8B631300243F48 /* UIColor+Extensions.swift */; };
		88CE07982A8B658B00243F48 /* Colors.xcassets in Resources */ = {isa = PBXBuildFile; fileRef = 88CE07972A8B658B00243F48 /* Colors.xcassets */; };
		88CE07A02A8B6B4900243F48 /* SignInController.swift in Sources */ = {isa = PBXBuildFile; fileRef = 88CE079E2A8B6B4900243F48 /* SignInController.swift */; };
		88CE07A12A8B6B4900243F48 /* SignInController.xib in Resources */ = {isa = PBXBuildFile; fileRef = 88CE079F2A8B6B4900243F48 /* SignInController.xib */; };
		88CE07A32A8B6B5E00243F48 /* SignInViewModel.swift in Sources */ = {isa = PBXBuildFile; fileRef = 88CE07A22A8B6B5E00243F48 /* SignInViewModel.swift */; };
		88CE07A62A8B6B8700243F48 /* SignInForm.swift in Sources */ = {isa = PBXBuildFile; fileRef = 88CE07A52A8B6B8700243F48 /* SignInForm.swift */; };
		88CE07A82A8B6D7800243F48 /* Validator.swift in Sources */ = {isa = PBXBuildFile; fileRef = 88CE07A72A8B6D7800243F48 /* Validator.swift */; };
		88CE07B02A8B700A00243F48 /* Api.swift in Sources */ = {isa = PBXBuildFile; fileRef = 88CE07AF2A8B700A00243F48 /* Api.swift */; };
		88CE07B22A8B714100243F48 /* HTTPMethod.swift in Sources */ = {isa = PBXBuildFile; fileRef = 88CE07B12A8B714100243F48 /* HTTPMethod.swift */; };
		88CE07B42A8B714A00243F48 /* APIData.swift in Sources */ = {isa = PBXBuildFile; fileRef = 88CE07B32A8B714A00243F48 /* APIData.swift */; };
		88CE07B62A8B715900243F48 /* APIHeader.swift in Sources */ = {isa = PBXBuildFile; fileRef = 88CE07B52A8B715900243F48 /* APIHeader.swift */; };
		88CE07B82A8B716300243F48 /* ServiceProtocol.swift in Sources */ = {isa = PBXBuildFile; fileRef = 88CE07B72A8B716300243F48 /* ServiceProtocol.swift */; };
		88CE07BA2A8B729A00243F48 /* URLRequest+Extensions.swift in Sources */ = {isa = PBXBuildFile; fileRef = 88CE07B92A8B729A00243F48 /* URLRequest+Extensions.swift */; };
		88CE07BC2A8B72C700243F48 /* URLComponents+Extensions.swift in Sources */ = {isa = PBXBuildFile; fileRef = 88CE07BB2A8B72C700243F48 /* URLComponents+Extensions.swift */; };
		88CE07BE2A8B72DE00243F48 /* Codable+Extensions.swift in Sources */ = {isa = PBXBuildFile; fileRef = 88CE07BD2A8B72DE00243F48 /* Codable+Extensions.swift */; };
		88CE07C02A8B731200243F48 /* APIError.swift in Sources */ = {isa = PBXBuildFile; fileRef = 88CE07BF2A8B731200243F48 /* APIError.swift */; };
		88CE07C22A8B732300243F48 /* Response.swift in Sources */ = {isa = PBXBuildFile; fileRef = 88CE07C12A8B732300243F48 /* Response.swift */; };
		88CE07C42A8B7AE100243F48 /* AuthService.swift in Sources */ = {isa = PBXBuildFile; fileRef = 88CE07C32A8B7AE100243F48 /* AuthService.swift */; };
		88CE07C72A8B7B5A00243F48 /* URLSessionContract.swift in Sources */ = {isa = PBXBuildFile; fileRef = 88CE07C62A8B7B5A00243F48 /* URLSessionContract.swift */; };
		88CE07C92A8B7B6300243F48 /* URLSessionProtocol.swift in Sources */ = {isa = PBXBuildFile; fileRef = 88CE07C82A8B7B6300243F48 /* URLSessionProtocol.swift */; };
		88CE07CB2A8B7B7000243F48 /* URLSessionProvider.swift in Sources */ = {isa = PBXBuildFile; fileRef = 88CE07CA2A8B7B7000243F48 /* URLSessionProvider.swift */; };
		88CE07CD2A8B7BE900243F48 /* ReachabilityManager.swift in Sources */ = {isa = PBXBuildFile; fileRef = 88CE07CC2A8B7BE900243F48 /* ReachabilityManager.swift */; };
		88CE07CF2A8B7C0100243F48 /* Console.swift in Sources */ = {isa = PBXBuildFile; fileRef = 88CE07CE2A8B7C0100243F48 /* Console.swift */; };
		88CE07D12A8B7D5A00243F48 /* Fail.swift in Sources */ = {isa = PBXBuildFile; fileRef = 88CE07D02A8B7D5A00243F48 /* Fail.swift */; };
		88CE07D52A8B83EC00243F48 /* AppButton.swift in Sources */ = {isa = PBXBuildFile; fileRef = 88CE07D42A8B83EC00243F48 /* AppButton.swift */; };
		88CE07D72A8B83FB00243F48 /* LoadingButton.swift in Sources */ = {isa = PBXBuildFile; fileRef = 88CE07D62A8B83FB00243F48 /* LoadingButton.swift */; };
		88CE07DA2A8B847300243F48 /* AppTextField.swift in Sources */ = {isa = PBXBuildFile; fileRef = 88CE07D92A8B847300243F48 /* AppTextField.swift */; };
		88CE07DD2A8B855200243F48 /* UIButton+Extensions.swift in Sources */ = {isa = PBXBuildFile; fileRef = 88CE07DC2A8B855200243F48 /* UIButton+Extensions.swift */; };
		88CE07E02A8B8A3B00243F48 /* UIViewController+Extensions.swift in Sources */ = {isa = PBXBuildFile; fileRef = 88CE07DF2A8B8A3B00243F48 /* UIViewController+Extensions.swift */; };
		88CE07E32A8B8A6900243F48 /* AlertController.swift in Sources */ = {isa = PBXBuildFile; fileRef = 88CE07E22A8B8A6900243F48 /* AlertController.swift */; };
/* End PBXBuildFile section */

/* Begin PBXFileReference section */
		88CE07652A8B5F5400243F48 /* ios-onyx-delivery.app */ = {isa = PBXFileReference; explicitFileType = wrapper.application; includeInIndex = 0; path = "ios-onyx-delivery.app"; sourceTree = BUILT_PRODUCTS_DIR; };
		88CE07682A8B5F5400243F48 /* AppDelegate.swift */ = {isa = PBXFileReference; lastKnownFileType = sourcecode.swift; path = AppDelegate.swift; sourceTree = "<group>"; };
		88CE076A2A8B5F5400243F48 /* SceneDelegate.swift */ = {isa = PBXFileReference; lastKnownFileType = sourcecode.swift; path = SceneDelegate.swift; sourceTree = "<group>"; };
		88CE07712A8B5F5500243F48 /* Assets.xcassets */ = {isa = PBXFileReference; lastKnownFileType = folder.assetcatalog; path = Assets.xcassets; sourceTree = "<group>"; };
		88CE07742A8B5F5500243F48 /* Base */ = {isa = PBXFileReference; lastKnownFileType = file.storyboard; name = Base; path = Base.lproj/LaunchScreen.storyboard; sourceTree = "<group>"; };
		88CE07762A8B5F5500243F48 /* Info.plist */ = {isa = PBXFileReference; lastKnownFileType = text.plist.xml; path = Info.plist; sourceTree = "<group>"; };
		88CE078A2A8B618500243F48 /* Constants.swift */ = {isa = PBXFileReference; lastKnownFileType = sourcecode.swift; path = Constants.swift; sourceTree = "<group>"; };
		88CE078E2A8B624800243F48 /* RootRouter.swift */ = {isa = PBXFileReference; lastKnownFileType = sourcecode.swift; path = RootRouter.swift; sourceTree = "<group>"; };
		88CE07952A8B631300243F48 /* UIColor+Extensions.swift */ = {isa = PBXFileReference; lastKnownFileType = sourcecode.swift; path = "UIColor+Extensions.swift"; sourceTree = "<group>"; };
		88CE07972A8B658B00243F48 /* Colors.xcassets */ = {isa = PBXFileReference; lastKnownFileType = folder.assetcatalog; path = Colors.xcassets; sourceTree = "<group>"; };
		88CE079E2A8B6B4900243F48 /* SignInController.swift */ = {isa = PBXFileReference; lastKnownFileType = sourcecode.swift; path = SignInController.swift; sourceTree = "<group>"; };
		88CE079F2A8B6B4900243F48 /* SignInController.xib */ = {isa = PBXFileReference; lastKnownFileType = file.xib; path = SignInController.xib; sourceTree = "<group>"; };
		88CE07A22A8B6B5E00243F48 /* SignInViewModel.swift */ = {isa = PBXFileReference; lastKnownFileType = sourcecode.swift; path = SignInViewModel.swift; sourceTree = "<group>"; };
		88CE07A52A8B6B8700243F48 /* SignInForm.swift */ = {isa = PBXFileReference; lastKnownFileType = sourcecode.swift; path = SignInForm.swift; sourceTree = "<group>"; };
		88CE07A72A8B6D7800243F48 /* Validator.swift */ = {isa = PBXFileReference; lastKnownFileType = sourcecode.swift; path = Validator.swift; sourceTree = "<group>"; };
		88CE07AF2A8B700A00243F48 /* Api.swift */ = {isa = PBXFileReference; lastKnownFileType = sourcecode.swift; path = Api.swift; sourceTree = "<group>"; };
		88CE07B12A8B714100243F48 /* HTTPMethod.swift */ = {isa = PBXFileReference; lastKnownFileType = sourcecode.swift; path = HTTPMethod.swift; sourceTree = "<group>"; };
		88CE07B32A8B714A00243F48 /* APIData.swift */ = {isa = PBXFileReference; lastKnownFileType = sourcecode.swift; path = APIData.swift; sourceTree = "<group>"; };
		88CE07B52A8B715900243F48 /* APIHeader.swift */ = {isa = PBXFileReference; lastKnownFileType = sourcecode.swift; path = APIHeader.swift; sourceTree = "<group>"; };
		88CE07B72A8B716300243F48 /* ServiceProtocol.swift */ = {isa = PBXFileReference; lastKnownFileType = sourcecode.swift; path = ServiceProtocol.swift; sourceTree = "<group>"; };
		88CE07B92A8B729A00243F48 /* URLRequest+Extensions.swift */ = {isa = PBXFileReference; lastKnownFileType = sourcecode.swift; path = "URLRequest+Extensions.swift"; sourceTree = "<group>"; };
		88CE07BB2A8B72C700243F48 /* URLComponents+Extensions.swift */ = {isa = PBXFileReference; lastKnownFileType = sourcecode.swift; path = "URLComponents+Extensions.swift"; sourceTree = "<group>"; };
		88CE07BD2A8B72DE00243F48 /* Codable+Extensions.swift */ = {isa = PBXFileReference; lastKnownFileType = sourcecode.swift; path = "Codable+Extensions.swift"; sourceTree = "<group>"; };
		88CE07BF2A8B731200243F48 /* APIError.swift */ = {isa = PBXFileReference; lastKnownFileType = sourcecode.swift; path = APIError.swift; sourceTree = "<group>"; };
		88CE07C12A8B732300243F48 /* Response.swift */ = {isa = PBXFileReference; lastKnownFileType = sourcecode.swift; path = Response.swift; sourceTree = "<group>"; };
		88CE07C32A8B7AE100243F48 /* AuthService.swift */ = {isa = PBXFileReference; lastKnownFileType = sourcecode.swift; path = AuthService.swift; sourceTree = "<group>"; };
		88CE07C62A8B7B5A00243F48 /* URLSessionContract.swift */ = {isa = PBXFileReference; lastKnownFileType = sourcecode.swift; path = URLSessionContract.swift; sourceTree = "<group>"; };
		88CE07C82A8B7B6300243F48 /* URLSessionProtocol.swift */ = {isa = PBXFileReference; lastKnownFileType = sourcecode.swift; path = URLSessionProtocol.swift; sourceTree = "<group>"; };
		88CE07CA2A8B7B7000243F48 /* URLSessionProvider.swift */ = {isa = PBXFileReference; lastKnownFileType = sourcecode.swift; path = URLSessionProvider.swift; sourceTree = "<group>"; };
		88CE07CC2A8B7BE900243F48 /* ReachabilityManager.swift */ = {isa = PBXFileReference; lastKnownFileType = sourcecode.swift; path = ReachabilityManager.swift; sourceTree = "<group>"; };
		88CE07CE2A8B7C0100243F48 /* Console.swift */ = {isa = PBXFileReference; lastKnownFileType = sourcecode.swift; path = Console.swift; sourceTree = "<group>"; };
		88CE07D02A8B7D5A00243F48 /* Fail.swift */ = {isa = PBXFileReference; lastKnownFileType = sourcecode.swift; path = Fail.swift; sourceTree = "<group>"; };
		88CE07D42A8B83EC00243F48 /* AppButton.swift */ = {isa = PBXFileReference; lastKnownFileType = sourcecode.swift; path = AppButton.swift; sourceTree = "<group>"; };
		88CE07D62A8B83FB00243F48 /* LoadingButton.swift */ = {isa = PBXFileReference; lastKnownFileType = sourcecode.swift; path = LoadingButton.swift; sourceTree = "<group>"; };
		88CE07D92A8B847300243F48 /* AppTextField.swift */ = {isa = PBXFileReference; lastKnownFileType = sourcecode.swift; path = AppTextField.swift; sourceTree = "<group>"; };
		88CE07DC2A8B855200243F48 /* UIButton+Extensions.swift */ = {isa = PBXFileReference; lastKnownFileType = sourcecode.swift; path = "UIButton+Extensions.swift"; sourceTree = "<group>"; };
		88CE07DF2A8B8A3B00243F48 /* UIViewController+Extensions.swift */ = {isa = PBXFileReference; lastKnownFileType = sourcecode.swift; path = "UIViewController+Extensions.swift"; sourceTree = "<group>"; };
		88CE07E22A8B8A6900243F48 /* AlertController.swift */ = {isa = PBXFileReference; lastKnownFileType = sourcecode.swift; path = AlertController.swift; sourceTree = "<group>"; };
/* End PBXFileReference section */

/* Begin PBXFrameworksBuildPhase section */
		88CE07622A8B5F5400243F48 /* Frameworks */ = {
			isa = PBXFrameworksBuildPhase;
			buildActionMask = 2147483647;
			files = (
			);
			runOnlyForDeploymentPostprocessing = 0;
		};
/* End PBXFrameworksBuildPhase section */

/* Begin PBXGroup section */
		88CE075C2A8B5F5300243F48 = {
			isa = PBXGroup;
			children = (
				88CE07672A8B5F5400243F48 /* ios-onyx-delivery */,
				88CE07662A8B5F5400243F48 /* Products */,
			);
			sourceTree = "<group>";
		};
		88CE07662A8B5F5400243F48 /* Products */ = {
			isa = PBXGroup;
			children = (
				88CE07652A8B5F5400243F48 /* ios-onyx-delivery.app */,
			);
			name = Products;
			sourceTree = "<group>";
		};
		88CE07672A8B5F5400243F48 /* ios-onyx-delivery */ = {
			isa = PBXGroup;
			children = (
				88CE077C2A8B609700243F48 /* Core */,
				88CE07802A8B60BB00243F48 /* Extensions */,
				88CE077F2A8B60B800243F48 /* Modules */,
				88CE077E2A8B60B400243F48 /* Resources */,
				88CE077D2A8B609C00243F48 /* Utilities */,
			);
			path = "ios-onyx-delivery";
			sourceTree = "<group>";
		};
		88CE077C2A8B609700243F48 /* Core */ = {
			isa = PBXGroup;
			children = (
				88CE07822A8B60D800243F48 /* App */,
				88CE07842A8B60E600243F48 /* Local */,
				88CE07832A8B60DB00243F48 /* Network */,
				88CE07852A8B60E900243F48 /* Repo */,
			);
			path = Core;
			sourceTree = "<group>";
		};
		88CE077D2A8B609C00243F48 /* Utilities */ = {
			isa = PBXGroup;
			children = (
				88CE07882A8B615800243F48 /* Global */,
				88CE07892A8B616A00243F48 /* Reuseable */,
			);
			path = Utilities;
			sourceTree = "<group>";
		};
		88CE077E2A8B60B400243F48 /* Resources */ = {
			isa = PBXGroup;
			children = (
				88CE07712A8B5F5500243F48 /* Assets.xcassets */,
				88CE07972A8B658B00243F48 /* Colors.xcassets */,
				88CE07732A8B5F5500243F48 /* LaunchScreen.storyboard */,
				88CE07762A8B5F5500243F48 /* Info.plist */,
			);
			path = Resources;
			sourceTree = "<group>";
		};
		88CE077F2A8B60B800243F48 /* Modules */ = {
			isa = PBXGroup;
			children = (
				88CE078C2A8B623B00243F48 /* Root */,
				88CE079A2A8B667E00243F48 /* SignIn */,
				88CE079B2A8B669800243F48 /* Order */,
			);
			path = Modules;
			sourceTree = "<group>";
		};
		88CE07802A8B60BB00243F48 /* Extensions */ = {
			isa = PBXGroup;
			children = (
				88CE07862A8B610600243F48 /* Foundation */,
				88CE07872A8B610B00243F48 /* UIKit */,
			);
			path = Extensions;
			sourceTree = "<group>";
		};
		88CE07822A8B60D800243F48 /* App */ = {
			isa = PBXGroup;
			children = (
				88CE078A2A8B618500243F48 /* Constants.swift */,
				88CE07682A8B5F5400243F48 /* AppDelegate.swift */,
				88CE076A2A8B5F5400243F48 /* SceneDelegate.swift */,
			);
			path = App;
			sourceTree = "<group>";
		};
		88CE07832A8B60DB00243F48 /* Network */ = {
			isa = PBXGroup;
			children = (
				88CE07AE2A8B6FF500243F48 /* Api */,
				88CE07AD2A8B6FEB00243F48 /* Components */,
				88CE07AC2A8B6FDF00243F48 /* Extensions */,
				88CE07AB2A8B6FD800243F48 /* Observers */,
				88CE07AA2A8B6FD300243F48 /* Services */,
				88CE07A92A8B6FCD00243F48 /* URLSession */,
			);
			path = Network;
			sourceTree = "<group>";
		};
		88CE07842A8B60E600243F48 /* Local */ = {
			isa = PBXGroup;
			children = (
			);
			path = Local;
			sourceTree = "<group>";
		};
		88CE07852A8B60E900243F48 /* Repo */ = {
			isa = PBXGroup;
			children = (
			);
			path = Repo;
			sourceTree = "<group>";
		};
		88CE07862A8B610600243F48 /* Foundation */ = {
			isa = PBXGroup;
			children = (
			);
			path = Foundation;
			sourceTree = "<group>";
		};
		88CE07872A8B610B00243F48 /* UIKit */ = {
			isa = PBXGroup;
			children = (
				88CE07942A8B630400243F48 /* UIColor */,
				88CE07DB2A8B854600243F48 /* UIButton */,
				88CE07DE2A8B8A2A00243F48 /* UIViewController */,
			);
			path = UIKit;
			sourceTree = "<group>";
		};
		88CE07882A8B615800243F48 /* Global */ = {
			isa = PBXGroup;
			children = (
				88CE07A72A8B6D7800243F48 /* Validator.swift */,
				88CE07CC2A8B7BE900243F48 /* ReachabilityManager.swift */,
				88CE07CE2A8B7C0100243F48 /* Console.swift */,
			);
			path = Global;
			sourceTree = "<group>";
		};
		88CE07892A8B616A00243F48 /* Reuseable */ = {
			isa = PBXGroup;
			children = (
				88CE07D32A8B83E200243F48 /* UIButton */,
				88CE07D82A8B846200243F48 /* UITextField */,
				88CE07E12A8B8A5B00243F48 /* AlertController */,
			);
			path = Reuseable;
			sourceTree = "<group>";
		};
		88CE078C2A8B623B00243F48 /* Root */ = {
			isa = PBXGroup;
			children = (
				88CE078E2A8B624800243F48 /* RootRouter.swift */,
			);
			path = Root;
			sourceTree = "<group>";
		};
		88CE07942A8B630400243F48 /* UIColor */ = {
			isa = PBXGroup;
			children = (
				88CE07952A8B631300243F48 /* UIColor+Extensions.swift */,
			);
			path = UIColor;
			sourceTree = "<group>";
		};
		88CE079A2A8B667E00243F48 /* SignIn */ = {
			isa = PBXGroup;
			children = (
				88CE07A42A8B6B7300243F48 /* Model */,
				88CE079C2A8B6AE400243F48 /* View */,
				88CE079D2A8B6AE700243F48 /* ViewModel */,
			);
			path = SignIn;
			sourceTree = "<group>";
		};
		88CE079B2A8B669800243F48 /* Order */ = {
			isa = PBXGroup;
			children = (
			);
			path = Order;
			sourceTree = "<group>";
		};
		88CE079C2A8B6AE400243F48 /* View */ = {
			isa = PBXGroup;
			children = (
				88CE079E2A8B6B4900243F48 /* SignInController.swift */,
				88CE079F2A8B6B4900243F48 /* SignInController.xib */,
			);
			path = View;
			sourceTree = "<group>";
		};
		88CE079D2A8B6AE700243F48 /* ViewModel */ = {
			isa = PBXGroup;
			children = (
				88CE07A22A8B6B5E00243F48 /* SignInViewModel.swift */,
			);
			path = ViewModel;
			sourceTree = "<group>";
		};
		88CE07A42A8B6B7300243F48 /* Model */ = {
			isa = PBXGroup;
			children = (
				88CE07A52A8B6B8700243F48 /* SignInForm.swift */,
			);
			path = Model;
			sourceTree = "<group>";
		};
		88CE07A92A8B6FCD00243F48 /* URLSession */ = {
			isa = PBXGroup;
			children = (
				88CE07C62A8B7B5A00243F48 /* URLSessionContract.swift */,
				88CE07C82A8B7B6300243F48 /* URLSessionProtocol.swift */,
				88CE07CA2A8B7B7000243F48 /* URLSessionProvider.swift */,
			);
			path = URLSession;
			sourceTree = "<group>";
		};
		88CE07AA2A8B6FD300243F48 /* Services */ = {
			isa = PBXGroup;
			children = (
				88CE07C32A8B7AE100243F48 /* AuthService.swift */,
			);
			path = Services;
			sourceTree = "<group>";
		};
		88CE07AB2A8B6FD800243F48 /* Observers */ = {
			isa = PBXGroup;
			children = (
				88CE07BF2A8B731200243F48 /* APIError.swift */,
				88CE07C12A8B732300243F48 /* Response.swift */,
			);
			path = Observers;
			sourceTree = "<group>";
		};
		88CE07AC2A8B6FDF00243F48 /* Extensions */ = {
			isa = PBXGroup;
			children = (
				88CE07B92A8B729A00243F48 /* URLRequest+Extensions.swift */,
				88CE07BB2A8B72C700243F48 /* URLComponents+Extensions.swift */,
				88CE07BD2A8B72DE00243F48 /* Codable+Extensions.swift */,
			);
			path = Extensions;
			sourceTree = "<group>";
		};
		88CE07AD2A8B6FEB00243F48 /* Components */ = {
			isa = PBXGroup;
			children = (
				88CE07B72A8B716300243F48 /* ServiceProtocol.swift */,
				88CE07B52A8B715900243F48 /* APIHeader.swift */,
				88CE07B32A8B714A00243F48 /* APIData.swift */,
				88CE07D02A8B7D5A00243F48 /* Fail.swift */,
				88CE07B12A8B714100243F48 /* HTTPMethod.swift */,
			);
			path = Components;
			sourceTree = "<group>";
		};
		88CE07AE2A8B6FF500243F48 /* Api */ = {
			isa = PBXGroup;
			children = (
				88CE07AF2A8B700A00243F48 /* Api.swift */,
			);
			path = Api;
			sourceTree = "<group>";
		};
		88CE07D32A8B83E200243F48 /* UIButton */ = {
			isa = PBXGroup;
			children = (
				88CE07D42A8B83EC00243F48 /* AppButton.swift */,
				88CE07D62A8B83FB00243F48 /* LoadingButton.swift */,
			);
			path = UIButton;
			sourceTree = "<group>";
		};
		88CE07D82A8B846200243F48 /* UITextField */ = {
			isa = PBXGroup;
			children = (
				88CE07D92A8B847300243F48 /* AppTextField.swift */,
			);
			path = UITextField;
			sourceTree = "<group>";
		};
		88CE07DB2A8B854600243F48 /* UIButton */ = {
			isa = PBXGroup;
			children = (
				88CE07DC2A8B855200243F48 /* UIButton+Extensions.swift */,
			);
			path = UIButton;
			sourceTree = "<group>";
		};
		88CE07DE2A8B8A2A00243F48 /* UIViewController */ = {
			isa = PBXGroup;
			children = (
				88CE07DF2A8B8A3B00243F48 /* UIViewController+Extensions.swift */,
			);
			path = UIViewController;
			sourceTree = "<group>";
		};
		88CE07E12A8B8A5B00243F48 /* AlertController */ = {
			isa = PBXGroup;
			children = (
				88CE07E22A8B8A6900243F48 /* AlertController.swift */,
			);
			path = AlertController;
			sourceTree = "<group>";
		};
/* End PBXGroup section */

/* Begin PBXNativeTarget section */
		88CE07642A8B5F5400243F48 /* ios-onyx-delivery */ = {
			isa = PBXNativeTarget;
			buildConfigurationList = 88CE07792A8B5F5500243F48 /* Build configuration list for PBXNativeTarget "ios-onyx-delivery" */;
			buildPhases = (
				88CE07612A8B5F5400243F48 /* Sources */,
				88CE07622A8B5F5400243F48 /* Frameworks */,
				88CE07632A8B5F5400243F48 /* Resources */,
			);
			buildRules = (
			);
			dependencies = (
			);
			name = "ios-onyx-delivery";
			productName = "ios-onyx-delivery";
			productReference = 88CE07652A8B5F5400243F48 /* ios-onyx-delivery.app */;
			productType = "com.apple.product-type.application";
		};
/* End PBXNativeTarget section */

/* Begin PBXProject section */
		88CE075D2A8B5F5400243F48 /* Project object */ = {
			isa = PBXProject;
			attributes = {
				BuildIndependentTargetsInParallel = 1;
				LastSwiftUpdateCheck = 1430;
				LastUpgradeCheck = 1430;
				TargetAttributes = {
					88CE07642A8B5F5400243F48 = {
						CreatedOnToolsVersion = 14.3.1;
					};
				};
			};
			buildConfigurationList = 88CE07602A8B5F5400243F48 /* Build configuration list for PBXProject "ios-onyx-delivery" */;
			compatibilityVersion = "Xcode 14.0";
			developmentRegion = en;
			hasScannedForEncodings = 0;
			knownRegions = (
				en,
				Base,
			);
			mainGroup = 88CE075C2A8B5F5300243F48;
			productRefGroup = 88CE07662A8B5F5400243F48 /* Products */;
			projectDirPath = "";
			projectRoot = "";
			targets = (
				88CE07642A8B5F5400243F48 /* ios-onyx-delivery */,
			);
		};
/* End PBXProject section */

/* Begin PBXResourcesBuildPhase section */
		88CE07632A8B5F5400243F48 /* Resources */ = {
			isa = PBXResourcesBuildPhase;
			buildActionMask = 2147483647;
			files = (
				88CE07982A8B658B00243F48 /* Colors.xcassets in Resources */,
				88CE07A12A8B6B4900243F48 /* SignInController.xib in Resources */,
				88CE07752A8B5F5500243F48 /* LaunchScreen.storyboard in Resources */,
				88CE07722A8B5F5500243F48 /* Assets.xcassets in Resources */,
			);
			runOnlyForDeploymentPostprocessing = 0;
		};
/* End PBXResourcesBuildPhase section */

/* Begin PBXSourcesBuildPhase section */
		88CE07612A8B5F5400243F48 /* Sources */ = {
			isa = PBXSourcesBuildPhase;
			buildActionMask = 2147483647;
			files = (
				88CE07B42A8B714A00243F48 /* APIData.swift in Sources */,
				88CE078F2A8B624800243F48 /* RootRouter.swift in Sources */,
				88CE07A82A8B6D7800243F48 /* Validator.swift in Sources */,
				88CE07BE2A8B72DE00243F48 /* Codable+Extensions.swift in Sources */,
				88CE07E02A8B8A3B00243F48 /* UIViewController+Extensions.swift in Sources */,
				88CE07A32A8B6B5E00243F48 /* SignInViewModel.swift in Sources */,
				88CE07CB2A8B7B7000243F48 /* URLSessionProvider.swift in Sources */,
				88CE07C22A8B732300243F48 /* Response.swift in Sources */,
				88CE07C72A8B7B5A00243F48 /* URLSessionContract.swift in Sources */,
				88CE07D72A8B83FB00243F48 /* LoadingButton.swift in Sources */,
				88CE07B22A8B714100243F48 /* HTTPMethod.swift in Sources */,
				88CE07C42A8B7AE100243F48 /* AuthService.swift in Sources */,
				88CE07E32A8B8A6900243F48 /* AlertController.swift in Sources */,
				88CE07B82A8B716300243F48 /* ServiceProtocol.swift in Sources */,
				88CE07CF2A8B7C0100243F48 /* Console.swift in Sources */,
				88CE07DD2A8B855200243F48 /* UIButton+Extensions.swift in Sources */,
				88CE07D52A8B83EC00243F48 /* AppButton.swift in Sources */,
				88CE07692A8B5F5400243F48 /* AppDelegate.swift in Sources */,
				88CE07D12A8B7D5A00243F48 /* Fail.swift in Sources */,
				88CE07962A8B631300243F48 /* UIColor+Extensions.swift in Sources */,
				88CE07A02A8B6B4900243F48 /* SignInController.swift in Sources */,
				88CE07BC2A8B72C700243F48 /* URLComponents+Extensions.swift in Sources */,
				88CE076B2A8B5F5400243F48 /* SceneDelegate.swift in Sources */,
				88CE07CD2A8B7BE900243F48 /* ReachabilityManager.swift in Sources */,
				88CE07BA2A8B729A00243F48 /* URLRequest+Extensions.swift in Sources */,
				88CE07C92A8B7B6300243F48 /* URLSessionProtocol.swift in Sources */,
				88CE078B2A8B618500243F48 /* Constants.swift in Sources */,
				88CE07B02A8B700A00243F48 /* Api.swift in Sources */,
				88CE07B62A8B715900243F48 /* APIHeader.swift in Sources */,
				88CE07A62A8B6B8700243F48 /* SignInForm.swift in Sources */,
				88CE07C02A8B731200243F48 /* APIError.swift in Sources */,
				88CE07DA2A8B847300243F48 /* AppTextField.swift in Sources */,
			);
			runOnlyForDeploymentPostprocessing = 0;
		};
/* End PBXSourcesBuildPhase section */

/* Begin PBXVariantGroup section */
		88CE07732A8B5F5500243F48 /* LaunchScreen.storyboard */ = {
			isa = PBXVariantGroup;
			children = (
				88CE07742A8B5F5500243F48 /* Base */,
			);
			name = LaunchScreen.storyboard;
			sourceTree = "<group>";
		};
/* End PBXVariantGroup section */

/* Begin XCBuildConfiguration section */
		88CE07772A8B5F5500243F48 /* Debug */ = {
			isa = XCBuildConfiguration;
			buildSettings = {
				ALWAYS_SEARCH_USER_PATHS = NO;
				CLANG_ANALYZER_NONNULL = YES;
				CLANG_ANALYZER_NUMBER_OBJECT_CONVERSION = YES_AGGRESSIVE;
				CLANG_CXX_LANGUAGE_STANDARD = "gnu++20";
				CLANG_ENABLE_MODULES = YES;
				CLANG_ENABLE_OBJC_ARC = YES;
				CLANG_ENABLE_OBJC_WEAK = YES;
				CLANG_WARN_BLOCK_CAPTURE_AUTORELEASING = YES;
				CLANG_WARN_BOOL_CONVERSION = YES;
				CLANG_WARN_COMMA = YES;
				CLANG_WARN_CONSTANT_CONVERSION = YES;
				CLANG_WARN_DEPRECATED_OBJC_IMPLEMENTATIONS = YES;
				CLANG_WARN_DIRECT_OBJC_ISA_USAGE = YES_ERROR;
				CLANG_WARN_DOCUMENTATION_COMMENTS = YES;
				CLANG_WARN_EMPTY_BODY = YES;
				CLANG_WARN_ENUM_CONVERSION = YES;
				CLANG_WARN_INFINITE_RECURSION = YES;
				CLANG_WARN_INT_CONVERSION = YES;
				CLANG_WARN_NON_LITERAL_NULL_CONVERSION = YES;
				CLANG_WARN_OBJC_IMPLICIT_RETAIN_SELF = YES;
				CLANG_WARN_OBJC_LITERAL_CONVERSION = YES;
				CLANG_WARN_OBJC_ROOT_CLASS = YES_ERROR;
				CLANG_WARN_QUOTED_INCLUDE_IN_FRAMEWORK_HEADER = YES;
				CLANG_WARN_RANGE_LOOP_ANALYSIS = YES;
				CLANG_WARN_STRICT_PROTOTYPES = YES;
				CLANG_WARN_SUSPICIOUS_MOVE = YES;
				CLANG_WARN_UNGUARDED_AVAILABILITY = YES_AGGRESSIVE;
				CLANG_WARN_UNREACHABLE_CODE = YES;
				CLANG_WARN__DUPLICATE_METHOD_MATCH = YES;
				COPY_PHASE_STRIP = NO;
				DEBUG_INFORMATION_FORMAT = dwarf;
				ENABLE_STRICT_OBJC_MSGSEND = YES;
				ENABLE_TESTABILITY = YES;
				GCC_C_LANGUAGE_STANDARD = gnu11;
				GCC_DYNAMIC_NO_PIC = NO;
				GCC_NO_COMMON_BLOCKS = YES;
				GCC_OPTIMIZATION_LEVEL = 0;
				GCC_PREPROCESSOR_DEFINITIONS = (
					"DEBUG=1",
					"$(inherited)",
				);
				GCC_WARN_64_TO_32_BIT_CONVERSION = YES;
				GCC_WARN_ABOUT_RETURN_TYPE = YES_ERROR;
				GCC_WARN_UNDECLARED_SELECTOR = YES;
				GCC_WARN_UNINITIALIZED_AUTOS = YES_AGGRESSIVE;
				GCC_WARN_UNUSED_FUNCTION = YES;
				GCC_WARN_UNUSED_VARIABLE = YES;
				IPHONEOS_DEPLOYMENT_TARGET = 16.4;
				MTL_ENABLE_DEBUG_INFO = INCLUDE_SOURCE;
				MTL_FAST_MATH = YES;
				ONLY_ACTIVE_ARCH = YES;
				SDKROOT = iphoneos;
				SWIFT_ACTIVE_COMPILATION_CONDITIONS = DEBUG;
				SWIFT_OPTIMIZATION_LEVEL = "-Onone";
			};
			name = Debug;
		};
		88CE07782A8B5F5500243F48 /* Release */ = {
			isa = XCBuildConfiguration;
			buildSettings = {
				ALWAYS_SEARCH_USER_PATHS = NO;
				CLANG_ANALYZER_NONNULL = YES;
				CLANG_ANALYZER_NUMBER_OBJECT_CONVERSION = YES_AGGRESSIVE;
				CLANG_CXX_LANGUAGE_STANDARD = "gnu++20";
				CLANG_ENABLE_MODULES = YES;
				CLANG_ENABLE_OBJC_ARC = YES;
				CLANG_ENABLE_OBJC_WEAK = YES;
				CLANG_WARN_BLOCK_CAPTURE_AUTORELEASING = YES;
				CLANG_WARN_BOOL_CONVERSION = YES;
				CLANG_WARN_COMMA = YES;
				CLANG_WARN_CONSTANT_CONVERSION = YES;
				CLANG_WARN_DEPRECATED_OBJC_IMPLEMENTATIONS = YES;
				CLANG_WARN_DIRECT_OBJC_ISA_USAGE = YES_ERROR;
				CLANG_WARN_DOCUMENTATION_COMMENTS = YES;
				CLANG_WARN_EMPTY_BODY = YES;
				CLANG_WARN_ENUM_CONVERSION = YES;
				CLANG_WARN_INFINITE_RECURSION = YES;
				CLANG_WARN_INT_CONVERSION = YES;
				CLANG_WARN_NON_LITERAL_NULL_CONVERSION = YES;
				CLANG_WARN_OBJC_IMPLICIT_RETAIN_SELF = YES;
				CLANG_WARN_OBJC_LITERAL_CONVERSION = YES;
				CLANG_WARN_OBJC_ROOT_CLASS = YES_ERROR;
				CLANG_WARN_QUOTED_INCLUDE_IN_FRAMEWORK_HEADER = YES;
				CLANG_WARN_RANGE_LOOP_ANALYSIS = YES;
				CLANG_WARN_STRICT_PROTOTYPES = YES;
				CLANG_WARN_SUSPICIOUS_MOVE = YES;
				CLANG_WARN_UNGUARDED_AVAILABILITY = YES_AGGRESSIVE;
				CLANG_WARN_UNREACHABLE_CODE = YES;
				CLANG_WARN__DUPLICATE_METHOD_MATCH = YES;
				COPY_PHASE_STRIP = NO;
				DEBUG_INFORMATION_FORMAT = "dwarf-with-dsym";
				ENABLE_NS_ASSERTIONS = NO;
				ENABLE_STRICT_OBJC_MSGSEND = YES;
				GCC_C_LANGUAGE_STANDARD = gnu11;
				GCC_NO_COMMON_BLOCKS = YES;
				GCC_WARN_64_TO_32_BIT_CONVERSION = YES;
				GCC_WARN_ABOUT_RETURN_TYPE = YES_ERROR;
				GCC_WARN_UNDECLARED_SELECTOR = YES;
				GCC_WARN_UNINITIALIZED_AUTOS = YES_AGGRESSIVE;
				GCC_WARN_UNUSED_FUNCTION = YES;
				GCC_WARN_UNUSED_VARIABLE = YES;
				IPHONEOS_DEPLOYMENT_TARGET = 16.4;
				MTL_ENABLE_DEBUG_INFO = NO;
				MTL_FAST_MATH = YES;
				SDKROOT = iphoneos;
				SWIFT_COMPILATION_MODE = wholemodule;
				SWIFT_OPTIMIZATION_LEVEL = "-O";
				VALIDATE_PRODUCT = YES;
			};
			name = Release;
		};
		88CE077A2A8B5F5500243F48 /* Debug */ = {
			isa = XCBuildConfiguration;
			buildSettings = {
				ASSETCATALOG_COMPILER_APPICON_NAME = AppIcon;
				ASSETCATALOG_COMPILER_GLOBAL_ACCENT_COLOR_NAME = AccentColor;
				CODE_SIGN_STYLE = Automatic;
				CURRENT_PROJECT_VERSION = 1;
				DEVELOPMENT_TEAM = D3WMCF7Y5L;
				GENERATE_INFOPLIST_FILE = YES;
				INFOPLIST_FILE = "ios-onyx-delivery/Resources/Info.plist";
				INFOPLIST_KEY_CFBundleDisplayName = "Onyx Delivery";
				INFOPLIST_KEY_UIApplicationSupportsIndirectInputEvents = YES;
				INFOPLIST_KEY_UILaunchStoryboardName = LaunchScreen;
				INFOPLIST_KEY_UISupportedInterfaceOrientations = UIInterfaceOrientationPortrait;
				INFOPLIST_KEY_UISupportedInterfaceOrientations_iPad = "UIInterfaceOrientationLandscapeLeft UIInterfaceOrientationLandscapeRight UIInterfaceOrientationPortrait UIInterfaceOrientationPortraitUpsideDown";
				LD_RUNPATH_SEARCH_PATHS = (
					"$(inherited)",
					"@executable_path/Frameworks",
				);
				MARKETING_VERSION = 1.0;
				PRODUCT_BUNDLE_IDENTIFIER = "com.sala7khaled.ios-onyx-delivery";
				PRODUCT_NAME = "$(TARGET_NAME)";
				SUPPORTED_PLATFORMS = "iphoneos iphonesimulator";
				SUPPORTS_MACCATALYST = NO;
				SUPPORTS_MAC_DESIGNED_FOR_IPHONE_IPAD = YES;
				SWIFT_EMIT_LOC_STRINGS = YES;
				SWIFT_VERSION = 5.0;
				TARGETED_DEVICE_FAMILY = 1;
			};
			name = Debug;
		};
		88CE077B2A8B5F5500243F48 /* Release */ = {
			isa = XCBuildConfiguration;
			buildSettings = {
				ASSETCATALOG_COMPILER_APPICON_NAME = AppIcon;
				ASSETCATALOG_COMPILER_GLOBAL_ACCENT_COLOR_NAME = AccentColor;
				CODE_SIGN_STYLE = Automatic;
				CURRENT_PROJECT_VERSION = 1;
				DEVELOPMENT_TEAM = D3WMCF7Y5L;
				GENERATE_INFOPLIST_FILE = YES;
				INFOPLIST_FILE = "ios-onyx-delivery/Resources/Info.plist";
				INFOPLIST_KEY_CFBundleDisplayName = "Onyx Delivery";
				INFOPLIST_KEY_UIApplicationSupportsIndirectInputEvents = YES;
				INFOPLIST_KEY_UILaunchStoryboardName = LaunchScreen;
				INFOPLIST_KEY_UISupportedInterfaceOrientations = UIInterfaceOrientationPortrait;
				INFOPLIST_KEY_UISupportedInterfaceOrientations_iPad = "UIInterfaceOrientationLandscapeLeft UIInterfaceOrientationLandscapeRight UIInterfaceOrientationPortrait UIInterfaceOrientationPortraitUpsideDown";
				LD_RUNPATH_SEARCH_PATHS = (
					"$(inherited)",
					"@executable_path/Frameworks",
				);
				MARKETING_VERSION = 1.0;
				PRODUCT_BUNDLE_IDENTIFIER = "com.sala7khaled.ios-onyx-delivery";
				PRODUCT_NAME = "$(TARGET_NAME)";
				SUPPORTED_PLATFORMS = "iphoneos iphonesimulator";
				SUPPORTS_MACCATALYST = NO;
				SUPPORTS_MAC_DESIGNED_FOR_IPHONE_IPAD = YES;
				SWIFT_EMIT_LOC_STRINGS = YES;
				SWIFT_VERSION = 5.0;
				TARGETED_DEVICE_FAMILY = 1;
			};
			name = Release;
		};
/* End XCBuildConfiguration section */

/* Begin XCConfigurationList section */
		88CE07602A8B5F5400243F48 /* Build configuration list for PBXProject "ios-onyx-delivery" */ = {
			isa = XCConfigurationList;
			buildConfigurations = (
				88CE07772A8B5F5500243F48 /* Debug */,
				88CE07782A8B5F5500243F48 /* Release */,
			);
			defaultConfigurationIsVisible = 0;
			defaultConfigurationName = Release;
		};
		88CE07792A8B5F5500243F48 /* Build configuration list for PBXNativeTarget "ios-onyx-delivery" */ = {
			isa = XCConfigurationList;
			buildConfigurations = (
				88CE077A2A8B5F5500243F48 /* Debug */,
				88CE077B2A8B5F5500243F48 /* Release */,
			);
			defaultConfigurationIsVisible = 0;
			defaultConfigurationName = Release;
		};
/* End XCConfigurationList section */
	};
	rootObject = 88CE075D2A8B5F5400243F48 /* Project object */;
}
