// !$*UTF8*$!
{
	archiveVersion = 1;
	classes = {
	};
	objectVersion = 56;
	objects = {

/* Begin PBXBuildFile section */
		88CE07692A8B5F5400243F48 /* AppDelegate.swift in Sources */ = {isa = PBXBuildFile; fileRef = 88CE07682A8B5F5400243F48 /* AppDelegate.swift */; };
		88CE076B2A8B5F5400243F48 /* SceneDelegate.swift in Sources */ = {isa = PBXBuildFile; fileRef = 88CE076A2A8B5F5400243F48 /* SceneDelegate.swift */; };
		88CE07722A8B5F5500243F48 /* Assets.xcassets in Resources */ = {isa = PBXBuildFile; fileRef = 88CE07712A8B5F5500243F48 /* Assets.xcassets */; };
		88CE07752A8B5F5500243F48 /* LaunchScreen.storyboard in Resources */ = {isa = PBXBuildFile; fileRef = 88CE07732A8B5F5500243F48 /* LaunchScreen.storyboard */; };
		88CE078B2A8B618500243F48 /* Constants.swift in Sources */ = {isa = PBXBuildFile; fileRef = 88CE078A2A8B618500243F48 /* Constants.swift */; };
		88CE078F2A8B624800243F48 /* RootRouter.swift in Sources */ = {isa = PBXBuildFile; fileRef = 88CE078E2A8B624800243F48 /* RootRouter.swift */; };
		88CE07962A8B631300243F48 /* UIColor+Extension.swift in Sources */ = {isa = PBXBuildFile; fileRef = 88CE07952A8B631300243F48 /* UIColor+Extension.swift */; };
		88CE07982A8B658B00243F48 /* Colors.xcassets in Resources */ = {isa = PBXBuildFile; fileRef = 88CE07972A8B658B00243F48 /* Colors.xcassets */; };
/* End PBXBuildFile section */

/* Begin PBXFileReference section */
		88CE07652A8B5F5400243F48 /* ios-onyx-delivery.app */ = {isa = PBXFileReference; explicitFileType = wrapper.application; includeInIndex = 0; path = "ios-onyx-delivery.app"; sourceTree = BUILT_PRODUCTS_DIR; };
		88CE07682A8B5F5400243F48 /* AppDelegate.swift */ = {isa = PBXFileReference; lastKnownFileType = sourcecode.swift; path = AppDelegate.swift; sourceTree = "<group>"; };
		88CE076A2A8B5F5400243F48 /* SceneDelegate.swift */ = {isa = PBXFileReference; lastKnownFileType = sourcecode.swift; path = SceneDelegate.swift; sourceTree = "<group>"; };
		88CE07712A8B5F5500243F48 /* Assets.xcassets */ = {isa = PBXFileReference; lastKnownFileType = folder.assetcatalog; path = Assets.xcassets; sourceTree = "<group>"; };
		88CE07742A8B5F5500243F48 /* Base */ = {isa = PBXFileReference; lastKnownFileType = file.storyboard; name = Base; path = Base.lproj/LaunchScreen.storyboard; sourceTree = "<group>"; };
		88CE07762A8B5F5500243F48 /* Info.plist */ = {isa = PBXFileReference; lastKnownFileType = text.plist.xml; path = Info.plist; sourceTree = "<group>"; };
		88CE078A2A8B618500243F48 /* Constants.swift */ = {isa = PBXFileReference; lastKnownFileType = sourcecode.swift; path = Constants.swift; sourceTree = "<group>"; };
		88CE078E2A8B624800243F48 /* RootRouter.swift */ = {isa = PBXFileReference; lastKnownFileType = sourcecode.swift; path = RootRouter.swift; sourceTree = "<group>"; };
		88CE07952A8B631300243F48 /* UIColor+Extension.swift */ = {isa = PBXFileReference; lastKnownFileType = sourcecode.swift; path = "UIColor+Extension.swift"; sourceTree = "<group>"; };
		88CE07972A8B658B00243F48 /* Colors.xcassets */ = {isa = PBXFileReference; lastKnownFileType = folder.assetcatalog; path = Colors.xcassets; sourceTree = "<group>"; };
/* End PBXFileReference section */

/* Begin PBXFrameworksBuildPhase section */
		88CE07622A8B5F5400243F48 /* Frameworks */ = {
			isa = PBXFrameworksBuildPhase;
			buildActionMask = 2147483647;
			files = (
			);
			runOnlyForDeploymentPostprocessing = 0;
		};
/* End PBXFrameworksBuildPhase section */

/* Begin PBXGroup section */
		88CE075C2A8B5F5300243F48 = {
			isa = PBXGroup;
			children = (
				88CE07672A8B5F5400243F48 /* ios-onyx-delivery */,
				88CE07662A8B5F5400243F48 /* Products */,
			);
			sourceTree = "<group>";
		};
		88CE07662A8B5F5400243F48 /* Products */ = {
			isa = PBXGroup;
			children = (
				88CE07652A8B5F5400243F48 /* ios-onyx-delivery.app */,
			);
			name = Products;
			sourceTree = "<group>";
		};
		88CE07672A8B5F5400243F48 /* ios-onyx-delivery */ = {
			isa = PBXGroup;
			children = (
				88CE077C2A8B609700243F48 /* Core */,
				88CE07802A8B60BB00243F48 /* Extensions */,
				88CE077F2A8B60B800243F48 /* Modules */,
				88CE077E2A8B60B400243F48 /* Resources */,
				88CE077D2A8B609C00243F48 /* Utilities */,
			);
			path = "ios-onyx-delivery";
			sourceTree = "<group>";
		};
		88CE077C2A8B609700243F48 /* Core */ = {
			isa = PBXGroup;
			children = (
				88CE07822A8B60D800243F48 /* App */,
				88CE07842A8B60E600243F48 /* Local */,
				88CE07832A8B60DB00243F48 /* Network */,
				88CE07852A8B60E900243F48 /* Repo */,
			);
			path = Core;
			sourceTree = "<group>";
		};
		88CE077D2A8B609C00243F48 /* Utilities */ = {
			isa = PBXGroup;
			children = (
				88CE07882A8B615800243F48 /* Global */,
				88CE07892A8B616A00243F48 /* Reuseable */,
			);
			path = Utilities;
			sourceTree = "<group>";
		};
		88CE077E2A8B60B400243F48 /* Resources */ = {
			isa = PBXGroup;
			children = (
				88CE07712A8B5F5500243F48 /* Assets.xcassets */,
				88CE07972A8B658B00243F48 /* Colors.xcassets */,
				88CE07732A8B5F5500243F48 /* LaunchScreen.storyboard */,
				88CE07762A8B5F5500243F48 /* Info.plist */,
			);
			path = Resources;
			sourceTree = "<group>";
		};
		88CE077F2A8B60B800243F48 /* Modules */ = {
			isa = PBXGroup;
			children = (
				88CE078C2A8B623B00243F48 /* Root */,
			);
			path = Modules;
			sourceTree = "<group>";
		};
		88CE07802A8B60BB00243F48 /* Extensions */ = {
			isa = PBXGroup;
			children = (
				88CE07862A8B610600243F48 /* Foundation */,
				88CE07872A8B610B00243F48 /* UIKit */,
			);
			path = Extensions;
			sourceTree = "<group>";
		};
		88CE07822A8B60D800243F48 /* App */ = {
			isa = PBXGroup;
			children = (
				88CE078A2A8B618500243F48 /* Constants.swift */,
				88CE07682A8B5F5400243F48 /* AppDelegate.swift */,
				88CE076A2A8B5F5400243F48 /* SceneDelegate.swift */,
			);
			path = App;
			sourceTree = "<group>";
		};
		88CE07832A8B60DB00243F48 /* Network */ = {
			isa = PBXGroup;
			children = (
			);
			path = Network;
			sourceTree = "<group>";
		};
		88CE07842A8B60E600243F48 /* Local */ = {
			isa = PBXGroup;
			children = (
			);
			path = Local;
			sourceTree = "<group>";
		};
		88CE07852A8B60E900243F48 /* Repo */ = {
			isa = PBXGroup;
			children = (
			);
			path = Repo;
			sourceTree = "<group>";
		};
		88CE07862A8B610600243F48 /* Foundation */ = {
			isa = PBXGroup;
			children = (
			);
			path = Foundation;
			sourceTree = "<group>";
		};
		88CE07872A8B610B00243F48 /* UIKit */ = {
			isa = PBXGroup;
			children = (
				88CE07942A8B630400243F48 /* UIColor */,
			);
			path = UIKit;
			sourceTree = "<group>";
		};
		88CE07882A8B615800243F48 /* Global */ = {
			isa = PBXGroup;
			children = (
			);
			path = Global;
			sourceTree = "<group>";
		};
		88CE07892A8B616A00243F48 /* Reuseable */ = {
			isa = PBXGroup;
			children = (
			);
			path = Reuseable;
			sourceTree = "<group>";
		};
		88CE078C2A8B623B00243F48 /* Root */ = {
			isa = PBXGroup;
			children = (
				88CE078E2A8B624800243F48 /* RootRouter.swift */,
			);
			path = Root;
			sourceTree = "<group>";
		};
		88CE07942A8B630400243F48 /* UIColor */ = {
			isa = PBXGroup;
			children = (
				88CE07952A8B631300243F48 /* UIColor+Extension.swift */,
			);
			path = UIColor;
			sourceTree = "<group>";
		};
/* End PBXGroup section */

/* Begin PBXNativeTarget section */
		88CE07642A8B5F5400243F48 /* ios-onyx-delivery */ = {
			isa = PBXNativeTarget;
			buildConfigurationList = 88CE07792A8B5F5500243F48 /* Build configuration list for PBXNativeTarget "ios-onyx-delivery" */;
			buildPhases = (
				88CE07612A8B5F5400243F48 /* Sources */,
				88CE07622A8B5F5400243F48 /* Frameworks */,
				88CE07632A8B5F5400243F48 /* Resources */,
			);
			buildRules = (
			);
			dependencies = (
			);
			name = "ios-onyx-delivery";
			productName = "ios-onyx-delivery";
			productReference = 88CE07652A8B5F5400243F48 /* ios-onyx-delivery.app */;
			productType = "com.apple.product-type.application";
		};
/* End PBXNativeTarget section */

/* Begin PBXProject section */
		88CE075D2A8B5F5400243F48 /* Project object */ = {
			isa = PBXProject;
			attributes = {
				BuildIndependentTargetsInParallel = 1;
				LastSwiftUpdateCheck = 1430;
				LastUpgradeCheck = 1430;
				TargetAttributes = {
					88CE07642A8B5F5400243F48 = {
						CreatedOnToolsVersion = 14.3.1;
					};
				};
			};
			buildConfigurationList = 88CE07602A8B5F5400243F48 /* Build configuration list for PBXProject "ios-onyx-delivery" */;
			compatibilityVersion = "Xcode 14.0";
			developmentRegion = en;
			hasScannedForEncodings = 0;
			knownRegions = (
				en,
				Base,
			);
			mainGroup = 88CE075C2A8B5F5300243F48;
			productRefGroup = 88CE07662A8B5F5400243F48 /* Products */;
			projectDirPath = "";
			projectRoot = "";
			targets = (
				88CE07642A8B5F5400243F48 /* ios-onyx-delivery */,
			);
		};
/* End PBXProject section */

/* Begin PBXResourcesBuildPhase section */
		88CE07632A8B5F5400243F48 /* Resources */ = {
			isa = PBXResourcesBuildPhase;
			buildActionMask = 2147483647;
			files = (
				88CE07982A8B658B00243F48 /* Colors.xcassets in Resources */,
				88CE07752A8B5F5500243F48 /* LaunchScreen.storyboard in Resources */,
				88CE07722A8B5F5500243F48 /* Assets.xcassets in Resources */,
			);
			runOnlyForDeploymentPostprocessing = 0;
		};
/* End PBXResourcesBuildPhase section */

/* Begin PBXSourcesBuildPhase section */
		88CE07612A8B5F5400243F48 /* Sources */ = {
			isa = PBXSourcesBuildPhase;
			buildActionMask = 2147483647;
			files = (
				88CE078F2A8B624800243F48 /* RootRouter.swift in Sources */,
				88CE07692A8B5F5400243F48 /* AppDelegate.swift in Sources */,
				88CE07962A8B631300243F48 /* UIColor+Extension.swift in Sources */,
				88CE076B2A8B5F5400243F48 /* SceneDelegate.swift in Sources */,
				88CE078B2A8B618500243F48 /* Constants.swift in Sources */,
			);
			runOnlyForDeploymentPostprocessing = 0;
		};
/* End PBXSourcesBuildPhase section */

/* Begin PBXVariantGroup section */
		88CE07732A8B5F5500243F48 /* LaunchScreen.storyboard */ = {
			isa = PBXVariantGroup;
			children = (
				88CE07742A8B5F5500243F48 /* Base */,
			);
			name = LaunchScreen.storyboard;
			sourceTree = "<group>";
		};
/* End PBXVariantGroup section */

/* Begin XCBuildConfiguration section */
		88CE07772A8B5F5500243F48 /* Debug */ = {
			isa = XCBuildConfiguration;
			buildSettings = {
				ALWAYS_SEARCH_USER_PATHS = NO;
				CLANG_ANALYZER_NONNULL = YES;
				CLANG_ANALYZER_NUMBER_OBJECT_CONVERSION = YES_AGGRESSIVE;
				CLANG_CXX_LANGUAGE_STANDARD = "gnu++20";
				CLANG_ENABLE_MODULES = YES;
				CLANG_ENABLE_OBJC_ARC = YES;
				CLANG_ENABLE_OBJC_WEAK = YES;
				CLANG_WARN_BLOCK_CAPTURE_AUTORELEASING = YES;
				CLANG_WARN_BOOL_CONVERSION = YES;
				CLANG_WARN_COMMA = YES;
				CLANG_WARN_CONSTANT_CONVERSION = YES;
				CLANG_WARN_DEPRECATED_OBJC_IMPLEMENTATIONS = YES;
				CLANG_WARN_DIRECT_OBJC_ISA_USAGE = YES_ERROR;
				CLANG_WARN_DOCUMENTATION_COMMENTS = YES;
				CLANG_WARN_EMPTY_BODY = YES;
				CLANG_WARN_ENUM_CONVERSION = YES;
				CLANG_WARN_INFINITE_RECURSION = YES;
				CLANG_WARN_INT_CONVERSION = YES;
				CLANG_WARN_NON_LITERAL_NULL_CONVERSION = YES;
				CLANG_WARN_OBJC_IMPLICIT_RETAIN_SELF = YES;
				CLANG_WARN_OBJC_LITERAL_CONVERSION = YES;
				CLANG_WARN_OBJC_ROOT_CLASS = YES_ERROR;
				CLANG_WARN_QUOTED_INCLUDE_IN_FRAMEWORK_HEADER = YES;
				CLANG_WARN_RANGE_LOOP_ANALYSIS = YES;
				CLANG_WARN_STRICT_PROTOTYPES = YES;
				CLANG_WARN_SUSPICIOUS_MOVE = YES;
				CLANG_WARN_UNGUARDED_AVAILABILITY = YES_AGGRESSIVE;
				CLANG_WARN_UNREACHABLE_CODE = YES;
				CLANG_WARN__DUPLICATE_METHOD_MATCH = YES;
				COPY_PHASE_STRIP = NO;
				DEBUG_INFORMATION_FORMAT = dwarf;
				ENABLE_STRICT_OBJC_MSGSEND = YES;
				ENABLE_TESTABILITY = YES;
				GCC_C_LANGUAGE_STANDARD = gnu11;
				GCC_DYNAMIC_NO_PIC = NO;
				GCC_NO_COMMON_BLOCKS = YES;
				GCC_OPTIMIZATION_LEVEL = 0;
				GCC_PREPROCESSOR_DEFINITIONS = (
					"DEBUG=1",
					"$(inherited)",
				);
				GCC_WARN_64_TO_32_BIT_CONVERSION = YES;
				GCC_WARN_ABOUT_RETURN_TYPE = YES_ERROR;
				GCC_WARN_UNDECLARED_SELECTOR = YES;
				GCC_WARN_UNINITIALIZED_AUTOS = YES_AGGRESSIVE;
				GCC_WARN_UNUSED_FUNCTION = YES;
				GCC_WARN_UNUSED_VARIABLE = YES;
				IPHONEOS_DEPLOYMENT_TARGET = 16.4;
				MTL_ENABLE_DEBUG_INFO = INCLUDE_SOURCE;
				MTL_FAST_MATH = YES;
				ONLY_ACTIVE_ARCH = YES;
				SDKROOT = iphoneos;
				SWIFT_ACTIVE_COMPILATION_CONDITIONS = DEBUG;
				SWIFT_OPTIMIZATION_LEVEL = "-Onone";
			};
			name = Debug;
		};
		88CE07782A8B5F5500243F48 /* Release */ = {
			isa = XCBuildConfiguration;
			buildSettings = {
				ALWAYS_SEARCH_USER_PATHS = NO;
				CLANG_ANALYZER_NONNULL = YES;
				CLANG_ANALYZER_NUMBER_OBJECT_CONVERSION = YES_AGGRESSIVE;
				CLANG_CXX_LANGUAGE_STANDARD = "gnu++20";
				CLANG_ENABLE_MODULES = YES;
				CLANG_ENABLE_OBJC_ARC = YES;
				CLANG_ENABLE_OBJC_WEAK = YES;
				CLANG_WARN_BLOCK_CAPTURE_AUTORELEASING = YES;
				CLANG_WARN_BOOL_CONVERSION = YES;
				CLANG_WARN_COMMA = YES;
				CLANG_WARN_CONSTANT_CONVERSION = YES;
				CLANG_WARN_DEPRECATED_OBJC_IMPLEMENTATIONS = YES;
				CLANG_WARN_DIRECT_OBJC_ISA_USAGE = YES_ERROR;
				CLANG_WARN_DOCUMENTATION_COMMENTS = YES;
				CLANG_WARN_EMPTY_BODY = YES;
				CLANG_WARN_ENUM_CONVERSION = YES;
				CLANG_WARN_INFINITE_RECURSION = YES;
				CLANG_WARN_INT_CONVERSION = YES;
				CLANG_WARN_NON_LITERAL_NULL_CONVERSION = YES;
				CLANG_WARN_OBJC_IMPLICIT_RETAIN_SELF = YES;
				CLANG_WARN_OBJC_LITERAL_CONVERSION = YES;
				CLANG_WARN_OBJC_ROOT_CLASS = YES_ERROR;
				CLANG_WARN_QUOTED_INCLUDE_IN_FRAMEWORK_HEADER = YES;
				CLANG_WARN_RANGE_LOOP_ANALYSIS = YES;
				CLANG_WARN_STRICT_PROTOTYPES = YES;
				CLANG_WARN_SUSPICIOUS_MOVE = YES;
				CLANG_WARN_UNGUARDED_AVAILABILITY = YES_AGGRESSIVE;
				CLANG_WARN_UNREACHABLE_CODE = YES;
				CLANG_WARN__DUPLICATE_METHOD_MATCH = YES;
				COPY_PHASE_STRIP = NO;
				DEBUG_INFORMATION_FORMAT = "dwarf-with-dsym";
				ENABLE_NS_ASSERTIONS = NO;
				ENABLE_STRICT_OBJC_MSGSEND = YES;
				GCC_C_LANGUAGE_STANDARD = gnu11;
				GCC_NO_COMMON_BLOCKS = YES;
				GCC_WARN_64_TO_32_BIT_CONVERSION = YES;
				GCC_WARN_ABOUT_RETURN_TYPE = YES_ERROR;
				GCC_WARN_UNDECLARED_SELECTOR = YES;
				GCC_WARN_UNINITIALIZED_AUTOS = YES_AGGRESSIVE;
				GCC_WARN_UNUSED_FUNCTION = YES;
				GCC_WARN_UNUSED_VARIABLE = YES;
				IPHONEOS_DEPLOYMENT_TARGET = 16.4;
				MTL_ENABLE_DEBUG_INFO = NO;
				MTL_FAST_MATH = YES;
				SDKROOT = iphoneos;
				SWIFT_COMPILATION_MODE = wholemodule;
				SWIFT_OPTIMIZATION_LEVEL = "-O";
				VALIDATE_PRODUCT = YES;
			};
			name = Release;
		};
		88CE077A2A8B5F5500243F48 /* Debug */ = {
			isa = XCBuildConfiguration;
			buildSettings = {
				ASSETCATALOG_COMPILER_APPICON_NAME = AppIcon;
				ASSETCATALOG_COMPILER_GLOBAL_ACCENT_COLOR_NAME = AccentColor;
				CODE_SIGN_STYLE = Automatic;
				CURRENT_PROJECT_VERSION = 1;
				DEVELOPMENT_TEAM = D3WMCF7Y5L;
				GENERATE_INFOPLIST_FILE = YES;
				INFOPLIST_FILE = "ios-onyx-delivery/Resources/Info.plist";
				INFOPLIST_KEY_CFBundleDisplayName = "Onyx Delivery";
				INFOPLIST_KEY_UIApplicationSupportsIndirectInputEvents = YES;
				INFOPLIST_KEY_UILaunchStoryboardName = LaunchScreen;
				INFOPLIST_KEY_UIMainStoryboardFile = Main;
				INFOPLIST_KEY_UISupportedInterfaceOrientations = UIInterfaceOrientationPortrait;
				INFOPLIST_KEY_UISupportedInterfaceOrientations_iPad = "UIInterfaceOrientationLandscapeLeft UIInterfaceOrientationLandscapeRight UIInterfaceOrientationPortrait UIInterfaceOrientationPortraitUpsideDown";
				LD_RUNPATH_SEARCH_PATHS = (
					"$(inherited)",
					"@executable_path/Frameworks",
				);
				MARKETING_VERSION = 1.0;
				PRODUCT_BUNDLE_IDENTIFIER = "com.sala7khaled.ios-onyx-delivery";
				PRODUCT_NAME = "$(TARGET_NAME)";
				SUPPORTED_PLATFORMS = "iphoneos iphonesimulator";
				SUPPORTS_MACCATALYST = NO;
				SUPPORTS_MAC_DESIGNED_FOR_IPHONE_IPAD = YES;
				SWIFT_EMIT_LOC_STRINGS = YES;
				SWIFT_VERSION = 5.0;
				TARGETED_DEVICE_FAMILY = 1;
			};
			name = Debug;
		};
		88CE077B2A8B5F5500243F48 /* Release */ = {
			isa = XCBuildConfiguration;
			buildSettings = {
				ASSETCATALOG_COMPILER_APPICON_NAME = AppIcon;
				ASSETCATALOG_COMPILER_GLOBAL_ACCENT_COLOR_NAME = AccentColor;
				CODE_SIGN_STYLE = Automatic;
				CURRENT_PROJECT_VERSION = 1;
				DEVELOPMENT_TEAM = D3WMCF7Y5L;
				GENERATE_INFOPLIST_FILE = YES;
				INFOPLIST_FILE = "ios-onyx-delivery/Resources/Info.plist";
				INFOPLIST_KEY_CFBundleDisplayName = "Onyx Delivery";
				INFOPLIST_KEY_UIApplicationSupportsIndirectInputEvents = YES;
				INFOPLIST_KEY_UILaunchStoryboardName = LaunchScreen;
				INFOPLIST_KEY_UIMainStoryboardFile = Main;
				INFOPLIST_KEY_UISupportedInterfaceOrientations = UIInterfaceOrientationPortrait;
				INFOPLIST_KEY_UISupportedInterfaceOrientations_iPad = "UIInterfaceOrientationLandscapeLeft UIInterfaceOrientationLandscapeRight UIInterfaceOrientationPortrait UIInterfaceOrientationPortraitUpsideDown";
				LD_RUNPATH_SEARCH_PATHS = (
					"$(inherited)",
					"@executable_path/Frameworks",
				);
				MARKETING_VERSION = 1.0;
				PRODUCT_BUNDLE_IDENTIFIER = "com.sala7khaled.ios-onyx-delivery";
				PRODUCT_NAME = "$(TARGET_NAME)";
				SUPPORTED_PLATFORMS = "iphoneos iphonesimulator";
				SUPPORTS_MACCATALYST = NO;
				SUPPORTS_MAC_DESIGNED_FOR_IPHONE_IPAD = YES;
				SWIFT_EMIT_LOC_STRINGS = YES;
				SWIFT_VERSION = 5.0;
				TARGETED_DEVICE_FAMILY = 1;
			};
			name = Release;
		};
/* End XCBuildConfiguration section */

/* Begin XCConfigurationList section */
		88CE07602A8B5F5400243F48 /* Build configuration list for PBXProject "ios-onyx-delivery" */ = {
			isa = XCConfigurationList;
			buildConfigurations = (
				88CE07772A8B5F5500243F48 /* Debug */,
				88CE07782A8B5F5500243F48 /* Release */,
			);
			defaultConfigurationIsVisible = 0;
			defaultConfigurationName = Release;
		};
		88CE07792A8B5F5500243F48 /* Build configuration list for PBXNativeTarget "ios-onyx-delivery" */ = {
			isa = XCConfigurationList;
			buildConfigurations = (
				88CE077A2A8B5F5500243F48 /* Debug */,
				88CE077B2A8B5F5500243F48 /* Release */,
			);
			defaultConfigurationIsVisible = 0;
			defaultConfigurationName = Release;
		};
/* End XCConfigurationList section */
	};
	rootObject = 88CE075D2A8B5F5400243F48 /* Project object */;
}
